
Microsoft Visual Studio Solution File, Format Version 12.00
# Visual Studio 15
VisualStudioVersion = 15.0.26430.16
MinimumVisualStudioVersion = 10.0.40219.1
Project("{FAE04EC0-301F-11D3-BF4B-00C04F79EFBC}") = "Project2MineSweeper", "Project2MineSweeper\Project2MineSweeper.csproj", "{278CE844-6CC9-4487-8783-7674AA944FB4}"
EndProject
Project("{FAE04EC0-301F-11D3-BF4B-00C04F79EFBC}") = "MineSweeperLibrary", "MineSweeperLibrary\MineSweeperLibrary.csproj", "{9C061631-3B5A-4E92-8CF2-5AA06349275D}"
EndProject
Project("{FAE04EC0-301F-11D3-BF4B-00C04F79EFBC}") = "SQLLibrary", "SQLLibrary\SQLLibrary.csproj", "{B50F06BB-B2AB-4FBA-AEC8-65166B270CEE}"
EndProject
Global
	GlobalSection(SolutionConfigurationPlatforms) = preSolution
		Debug|Any CPU = Debug|Any CPU
		Release|Any CPU = Release|Any CPU
	EndGlobalSection
	GlobalSection(ProjectConfigurationPlatforms) = postSolution
		{278CE844-6CC9-4487-8783-7674AA944FB4}.Debug|Any CPU.ActiveCfg = Debug|Any CPU
		{278CE844-6CC9-4487-8783-7674AA944FB4}.Debug|Any CPU.Build.0 = Debug|Any CPU
		{278CE844-6CC9-4487-8783-7674AA944FB4}.Release|Any CPU.ActiveCfg = Release|Any CPU
		{278CE844-6CC9-4487-8783-7674AA944FB4}.Release|Any CPU.Build.0 = Release|Any CPU
		{9C061631-3B5A-4E92-8CF2-5AA06349275D}.Debug|Any CPU.ActiveCfg = Debug|Any CPU
		{9C061631-3B5A-4E92-8CF2-5AA06349275D}.Debug|Any CPU.Build.0 = Debug|Any CPU
		{9C061631-3B5A-4E92-8CF2-5AA06349275D}.Release|Any CPU.ActiveCfg = Release|Any CPU
		{9C061631-3B5A-4E92-8CF2-5AA06349275D}.Release|Any CPU.Build.0 = Release|Any CPU
		{B50F06BB-B2AB-4FBA-AEC8-65166B270CEE}.Debug|Any CPU.ActiveCfg = Debug|Any CPU
		{B50F06BB-B2AB-4FBA-AEC8-65166B270CEE}.Debug|Any CPU.Build.0 = Debug|Any CPU
		{B50F06BB-B2AB-4FBA-AEC8-65166B270CEE}.Release|Any CPU.ActiveCfg = Release|Any CPU
		{B50F06BB-B2AB-4FBA-AEC8-65166B270CEE}.Release|Any CPU.Build.0 = Release|Any CPU
	EndGlobalSection
	GlobalSection(SolutionProperties) = preSolution
		HideSolutionNode = FALSE
	EndGlobalSection
EndGlobal
